
Microsoft Visual Studio Solution File, Format Version 12.00
# Visual Studio 15
VisualStudioVersion = 15.0.27428.2043
MinimumVisualStudioVersion = 10.0.40219.1
Project("{FAE04EC0-301F-11D3-BF4B-00C04F79EFBC}") = "WindowsFormsApp1", "WindowsFormsApp1\WindowsFormsApp1.csproj", "{3286FFDA-6BA7-421F-B5A3-844F066554D0}"
EndProject
Project("{FAE04EC0-301F-11D3-BF4B-00C04F79EFBC}") = "test_consol", "test_consol\test_consol.csproj", "{69298009-18AB-4370-84CC-4C3B4D5621FC}"
EndProject
Global
	GlobalSection(SolutionConfigurationPlatforms) = preSolution
		Debug|Any CPU = Debug|Any CPU
		Release|Any CPU = Release|Any CPU
	EndGlobalSection
	GlobalSection(ProjectConfigurationPlatforms) = postSolution
		{3286FFDA-6BA7-421F-B5A3-844F066554D0}.Debug|Any CPU.ActiveCfg = Debug|Any CPU
		{3286FFDA-6BA7-421F-B5A3-844F066554D0}.Debug|Any CPU.Build.0 = Debug|Any CPU
		{3286FFDA-6BA7-421F-B5A3-844F066554D0}.Release|Any CPU.ActiveCfg = Release|Any CPU
		{3286FFDA-6BA7-421F-B5A3-844F066554D0}.Release|Any CPU.Build.0 = Release|Any CPU
		{69298009-18AB-4370-84CC-4C3B4D5621FC}.Debug|Any CPU.ActiveCfg = Debug|Any CPU
		{69298009-18AB-4370-84CC-4C3B4D5621FC}.Debug|Any CPU.Build.0 = Debug|Any CPU
		{69298009-18AB-4370-84CC-4C3B4D5621FC}.Release|Any CPU.ActiveCfg = Release|Any CPU
		{69298009-18AB-4370-84CC-4C3B4D5621FC}.Release|Any CPU.Build.0 = Release|Any CPU
	EndGlobalSection
	GlobalSection(SolutionProperties) = preSolution
		HideSolutionNode = FALSE
	EndGlobalSection
	GlobalSection(ExtensibilityGlobals) = postSolution
		SolutionGuid = {AAAB4926-38B3-4697-9421-CDA76C83D087}
	EndGlobalSection
EndGlobal
